// !$*UTF8*$!
{
	archiveVersion = 1;
	classes = {
	};
	objectVersion = 51;
	objects = {

/* Begin PBXBuildFile section */
		1FC156E7B981EA662BDED5F6 /* Pods_Parstagram_ParstagramUITests.framework in Frameworks */ = {isa = PBXBuildFile; fileRef = F9769002F38065F0CD9A3794 /* Pods_Parstagram_ParstagramUITests.framework */; };
		5BF880F2D75C6B2DF40B2B4F /* Pods_Parstagram.framework in Frameworks */ = {isa = PBXBuildFile; fileRef = 832500E5EED055208C570010 /* Pods_Parstagram.framework */; };
		716FA7EB21A4673ED1CFB3C0 /* Pods_ParstagramTests.framework in Frameworks */ = {isa = PBXBuildFile; fileRef = DD23EA5C9C07BC332B6DD2D3 /* Pods_ParstagramTests.framework */; };
		FAC486DE246A19B600C7497A /* AppDelegate.swift in Sources */ = {isa = PBXBuildFile; fileRef = FAC486DD246A19B600C7497A /* AppDelegate.swift */; };
		FAC486E0246A19B600C7497A /* SceneDelegate.swift in Sources */ = {isa = PBXBuildFile; fileRef = FAC486DF246A19B600C7497A /* SceneDelegate.swift */; };
		FAC486E5246A19B600C7497A /* Main.storyboard in Resources */ = {isa = PBXBuildFile; fileRef = FAC486E3246A19B600C7497A /* Main.storyboard */; };
		FAC486E7246A19C000C7497A /* Assets.xcassets in Resources */ = {isa = PBXBuildFile; fileRef = FAC486E6246A19C000C7497A /* Assets.xcassets */; };
		FAC486EA246A19C000C7497A /* LaunchScreen.storyboard in Resources */ = {isa = PBXBuildFile; fileRef = FAC486E8246A19C000C7497A /* LaunchScreen.storyboard */; };
		FAC486F5246A19C000C7497A /* ParstagramTests.swift in Sources */ = {isa = PBXBuildFile; fileRef = FAC486F4246A19C000C7497A /* ParstagramTests.swift */; };
		FAC48700246A19C000C7497A /* ParstagramUITests.swift in Sources */ = {isa = PBXBuildFile; fileRef = FAC486FF246A19C000C7497A /* ParstagramUITests.swift */; };
		FAC4870E246B71A000C7497A /* FeedViewController.swift in Sources */ = {isa = PBXBuildFile; fileRef = FAC4870D246B71A000C7497A /* FeedViewController.swift */; };
		FAC48710246B71C800C7497A /* LoginViewController.swift in Sources */ = {isa = PBXBuildFile; fileRef = FAC4870F246B71C800C7497A /* LoginViewController.swift */; };
		FAC48712246B782900C7497A /* CameraViewController.swift in Sources */ = {isa = PBXBuildFile; fileRef = FAC48711246B782800C7497A /* CameraViewController.swift */; };
		FAC48714246B868D00C7497A /* PostCell.swift in Sources */ = {isa = PBXBuildFile; fileRef = FAC48713246B868D00C7497A /* PostCell.swift */; };
/* End PBXBuildFile section */

/* Begin PBXContainerItemProxy section */
		FAC486F1246A19C000C7497A /* PBXContainerItemProxy */ = {
			isa = PBXContainerItemProxy;
			containerPortal = FAC486D2246A19B600C7497A /* Project object */;
			proxyType = 1;
			remoteGlobalIDString = FAC486D9246A19B600C7497A;
			remoteInfo = Parstagram;
		};
		FAC486FC246A19C000C7497A /* PBXContainerItemProxy */ = {
			isa = PBXContainerItemProxy;
			containerPortal = FAC486D2246A19B600C7497A /* Project object */;
			proxyType = 1;
			remoteGlobalIDString = FAC486D9246A19B600C7497A;
			remoteInfo = Parstagram;
		};
/* End PBXContainerItemProxy section */

/* Begin PBXFileReference section */
		131F94C483DAB2E5D523E2A7 /* Pods-ParstagramTests.debug.xcconfig */ = {isa = PBXFileReference; includeInIndex = 1; lastKnownFileType = text.xcconfig; name = "Pods-ParstagramTests.debug.xcconfig"; path = "Target Support Files/Pods-ParstagramTests/Pods-ParstagramTests.debug.xcconfig"; sourceTree = "<group>"; };
		3CDA12563B009897B5F76AB3 /* Pods-Parstagram-ParstagramUITests.debug.xcconfig */ = {isa = PBXFileReference; includeInIndex = 1; lastKnownFileType = text.xcconfig; name = "Pods-Parstagram-ParstagramUITests.debug.xcconfig"; path = "Target Support Files/Pods-Parstagram-ParstagramUITests/Pods-Parstagram-ParstagramUITests.debug.xcconfig"; sourceTree = "<group>"; };
		74C72BC17CDB0DDBAF1826FE /* Pods-Parstagram.release.xcconfig */ = {isa = PBXFileReference; includeInIndex = 1; lastKnownFileType = text.xcconfig; name = "Pods-Parstagram.release.xcconfig"; path = "Target Support Files/Pods-Parstagram/Pods-Parstagram.release.xcconfig"; sourceTree = "<group>"; };
		832500E5EED055208C570010 /* Pods_Parstagram.framework */ = {isa = PBXFileReference; explicitFileType = wrapper.framework; includeInIndex = 0; path = Pods_Parstagram.framework; sourceTree = BUILT_PRODUCTS_DIR; };
		C198D38F06457ADF0D5369D4 /* Pods-Parstagram.debug.xcconfig */ = {isa = PBXFileReference; includeInIndex = 1; lastKnownFileType = text.xcconfig; name = "Pods-Parstagram.debug.xcconfig"; path = "Target Support Files/Pods-Parstagram/Pods-Parstagram.debug.xcconfig"; sourceTree = "<group>"; };
		C7188BB9DB8D34744854A594 /* Pods-ParstagramTests.release.xcconfig */ = {isa = PBXFileReference; includeInIndex = 1; lastKnownFileType = text.xcconfig; name = "Pods-ParstagramTests.release.xcconfig"; path = "Target Support Files/Pods-ParstagramTests/Pods-ParstagramTests.release.xcconfig"; sourceTree = "<group>"; };
		DD23EA5C9C07BC332B6DD2D3 /* Pods_ParstagramTests.framework */ = {isa = PBXFileReference; explicitFileType = wrapper.framework; includeInIndex = 0; path = Pods_ParstagramTests.framework; sourceTree = BUILT_PRODUCTS_DIR; };
		F9769002F38065F0CD9A3794 /* Pods_Parstagram_ParstagramUITests.framework */ = {isa = PBXFileReference; explicitFileType = wrapper.framework; includeInIndex = 0; path = Pods_Parstagram_ParstagramUITests.framework; sourceTree = BUILT_PRODUCTS_DIR; };
		FA7A2E699C26E807BC9A7823 /* Pods-Parstagram-ParstagramUITests.release.xcconfig */ = {isa = PBXFileReference; includeInIndex = 1; lastKnownFileType = text.xcconfig; name = "Pods-Parstagram-ParstagramUITests.release.xcconfig"; path = "Target Support Files/Pods-Parstagram-ParstagramUITests/Pods-Parstagram-ParstagramUITests.release.xcconfig"; sourceTree = "<group>"; };
		FAC486DA246A19B600C7497A /* Parstagram.app */ = {isa = PBXFileReference; explicitFileType = wrapper.application; includeInIndex = 0; path = Parstagram.app; sourceTree = BUILT_PRODUCTS_DIR; };
		FAC486DD246A19B600C7497A /* AppDelegate.swift */ = {isa = PBXFileReference; lastKnownFileType = sourcecode.swift; path = AppDelegate.swift; sourceTree = "<group>"; };
		FAC486DF246A19B600C7497A /* SceneDelegate.swift */ = {isa = PBXFileReference; lastKnownFileType = sourcecode.swift; path = SceneDelegate.swift; sourceTree = "<group>"; };
		FAC486E4246A19B600C7497A /* Base */ = {isa = PBXFileReference; lastKnownFileType = file.storyboard; name = Base; path = Base.lproj/Main.storyboard; sourceTree = "<group>"; };
		FAC486E6246A19C000C7497A /* Assets.xcassets */ = {isa = PBXFileReference; lastKnownFileType = folder.assetcatalog; path = Assets.xcassets; sourceTree = "<group>"; };
		FAC486E9246A19C000C7497A /* Base */ = {isa = PBXFileReference; lastKnownFileType = file.storyboard; name = Base; path = Base.lproj/LaunchScreen.storyboard; sourceTree = "<group>"; };
		FAC486EB246A19C000C7497A /* Info.plist */ = {isa = PBXFileReference; lastKnownFileType = text.plist.xml; path = Info.plist; sourceTree = "<group>"; };
		FAC486F0246A19C000C7497A /* ParstagramTests.xctest */ = {isa = PBXFileReference; explicitFileType = wrapper.cfbundle; includeInIndex = 0; path = ParstagramTests.xctest; sourceTree = BUILT_PRODUCTS_DIR; };
		FAC486F4246A19C000C7497A /* ParstagramTests.swift */ = {isa = PBXFileReference; lastKnownFileType = sourcecode.swift; path = ParstagramTests.swift; sourceTree = "<group>"; };
		FAC486F6246A19C000C7497A /* Info.plist */ = {isa = PBXFileReference; lastKnownFileType = text.plist.xml; path = Info.plist; sourceTree = "<group>"; };
		FAC486FB246A19C000C7497A /* ParstagramUITests.xctest */ = {isa = PBXFileReference; explicitFileType = wrapper.cfbundle; includeInIndex = 0; path = ParstagramUITests.xctest; sourceTree = BUILT_PRODUCTS_DIR; };
		FAC486FF246A19C000C7497A /* ParstagramUITests.swift */ = {isa = PBXFileReference; lastKnownFileType = sourcecode.swift; path = ParstagramUITests.swift; sourceTree = "<group>"; };
		FAC48701246A19C000C7497A /* Info.plist */ = {isa = PBXFileReference; lastKnownFileType = text.plist.xml; path = Info.plist; sourceTree = "<group>"; };
		FAC4870D246B71A000C7497A /* FeedViewController.swift */ = {isa = PBXFileReference; lastKnownFileType = sourcecode.swift; path = FeedViewController.swift; sourceTree = "<group>"; };
		FAC4870F246B71C800C7497A /* LoginViewController.swift */ = {isa = PBXFileReference; lastKnownFileType = sourcecode.swift; path = LoginViewController.swift; sourceTree = "<group>"; };
		FAC48711246B782800C7497A /* CameraViewController.swift */ = {isa = PBXFileReference; lastKnownFileType = sourcecode.swift; path = CameraViewController.swift; sourceTree = "<group>"; };
		FAC48713246B868D00C7497A /* PostCell.swift */ = {isa = PBXFileReference; lastKnownFileType = sourcecode.swift; path = PostCell.swift; sourceTree = "<group>"; };
/* End PBXFileReference section */

/* Begin PBXFrameworksBuildPhase section */
		FAC486D7246A19B600C7497A /* Frameworks */ = {
			isa = PBXFrameworksBuildPhase;
			buildActionMask = 2147483647;
			files = (
				5BF880F2D75C6B2DF40B2B4F /* Pods_Parstagram.framework in Frameworks */,
			);
			runOnlyForDeploymentPostprocessing = 0;
		};
		FAC486ED246A19C000C7497A /* Frameworks */ = {
			isa = PBXFrameworksBuildPhase;
			buildActionMask = 2147483647;
			files = (
				716FA7EB21A4673ED1CFB3C0 /* Pods_ParstagramTests.framework in Frameworks */,
			);
			runOnlyForDeploymentPostprocessing = 0;
		};
		FAC486F8246A19C000C7497A /* Frameworks */ = {
			isa = PBXFrameworksBuildPhase;
			buildActionMask = 2147483647;
			files = (
				1FC156E7B981EA662BDED5F6 /* Pods_Parstagram_ParstagramUITests.framework in Frameworks */,
			);
			runOnlyForDeploymentPostprocessing = 0;
		};
/* End PBXFrameworksBuildPhase section */

/* Begin PBXGroup section */
		1284289683A77E685D65276A /* Frameworks */ = {
			isa = PBXGroup;
			children = (
				832500E5EED055208C570010 /* Pods_Parstagram.framework */,
				F9769002F38065F0CD9A3794 /* Pods_Parstagram_ParstagramUITests.framework */,
				DD23EA5C9C07BC332B6DD2D3 /* Pods_ParstagramTests.framework */,
			);
			name = Frameworks;
			sourceTree = "<group>";
		};
		9D8EA0EC8133FF4BB85D2E20 /* Pods */ = {
			isa = PBXGroup;
			children = (
				C198D38F06457ADF0D5369D4 /* Pods-Parstagram.debug.xcconfig */,
				74C72BC17CDB0DDBAF1826FE /* Pods-Parstagram.release.xcconfig */,
				3CDA12563B009897B5F76AB3 /* Pods-Parstagram-ParstagramUITests.debug.xcconfig */,
				FA7A2E699C26E807BC9A7823 /* Pods-Parstagram-ParstagramUITests.release.xcconfig */,
				131F94C483DAB2E5D523E2A7 /* Pods-ParstagramTests.debug.xcconfig */,
				C7188BB9DB8D34744854A594 /* Pods-ParstagramTests.release.xcconfig */,
			);
			path = Pods;
			sourceTree = "<group>";
		};
		FAC486D1246A19B600C7497A = {
			isa = PBXGroup;
			children = (
				FAC486DC246A19B600C7497A /* Parstagram */,
				FAC486F3246A19C000C7497A /* ParstagramTests */,
				FAC486FE246A19C000C7497A /* ParstagramUITests */,
				FAC486DB246A19B600C7497A /* Products */,
				9D8EA0EC8133FF4BB85D2E20 /* Pods */,
				1284289683A77E685D65276A /* Frameworks */,
			);
			sourceTree = "<group>";
		};
		FAC486DB246A19B600C7497A /* Products */ = {
			isa = PBXGroup;
			children = (
				FAC486DA246A19B600C7497A /* Parstagram.app */,
				FAC486F0246A19C000C7497A /* ParstagramTests.xctest */,
				FAC486FB246A19C000C7497A /* ParstagramUITests.xctest */,
			);
			name = Products;
			sourceTree = "<group>";
		};
		FAC486DC246A19B600C7497A /* Parstagram */ = {
			isa = PBXGroup;
			children = (
				FAC486DD246A19B600C7497A /* AppDelegate.swift */,
				FAC486DF246A19B600C7497A /* SceneDelegate.swift */,
				FAC486E3246A19B600C7497A /* Main.storyboard */,
				FAC486E6246A19C000C7497A /* Assets.xcassets */,
				FAC486E8246A19C000C7497A /* LaunchScreen.storyboard */,
				FAC486EB246A19C000C7497A /* Info.plist */,
				FAC4870D246B71A000C7497A /* FeedViewController.swift */,
				FAC4870F246B71C800C7497A /* LoginViewController.swift */,
				FAC48711246B782800C7497A /* CameraViewController.swift */,
				FAC48713246B868D00C7497A /* PostCell.swift */,
			);
			path = Parstagram;
			sourceTree = "<group>";
		};
		FAC486F3246A19C000C7497A /* ParstagramTests */ = {
			isa = PBXGroup;
			children = (
				FAC486F4246A19C000C7497A /* ParstagramTests.swift */,
				FAC486F6246A19C000C7497A /* Info.plist */,
			);
			path = ParstagramTests;
			sourceTree = "<group>";
		};
		FAC486FE246A19C000C7497A /* ParstagramUITests */ = {
			isa = PBXGroup;
			children = (
				FAC486FF246A19C000C7497A /* ParstagramUITests.swift */,
				FAC48701246A19C000C7497A /* Info.plist */,
			);
			path = ParstagramUITests;
			sourceTree = "<group>";
		};
/* End PBXGroup section */

/* Begin PBXNativeTarget section */
		FAC486D9246A19B600C7497A /* Parstagram */ = {
			isa = PBXNativeTarget;
			buildConfigurationList = FAC48704246A19C000C7497A /* Build configuration list for PBXNativeTarget "Parstagram" */;
			buildPhases = (
				ED6FAECDC516CD8215EF6911 /* [CP] Check Pods Manifest.lock */,
				FAC486D6246A19B600C7497A /* Sources */,
				FAC486D7246A19B600C7497A /* Frameworks */,
				FAC486D8246A19B600C7497A /* Resources */,
				F46970470A19C43C972CC163 /* [CP] Embed Pods Frameworks */,
			);
			buildRules = (
			);
			dependencies = (
			);
			name = Parstagram;
			productName = Parstagram;
			productReference = FAC486DA246A19B600C7497A /* Parstagram.app */;
			productType = "com.apple.product-type.application";
		};
		FAC486EF246A19C000C7497A /* ParstagramTests */ = {
			isa = PBXNativeTarget;
			buildConfigurationList = FAC48707246A19C000C7497A /* Build configuration list for PBXNativeTarget "ParstagramTests" */;
			buildPhases = (
				4A96D240B572007B256D43BC /* [CP] Check Pods Manifest.lock */,
				FAC486EC246A19C000C7497A /* Sources */,
				FAC486ED246A19C000C7497A /* Frameworks */,
				FAC486EE246A19C000C7497A /* Resources */,
			);
			buildRules = (
			);
			dependencies = (
				FAC486F2246A19C000C7497A /* PBXTargetDependency */,
			);
			name = ParstagramTests;
			productName = ParstagramTests;
			productReference = FAC486F0246A19C000C7497A /* ParstagramTests.xctest */;
			productType = "com.apple.product-type.bundle.unit-test";
		};
		FAC486FA246A19C000C7497A /* ParstagramUITests */ = {
			isa = PBXNativeTarget;
			buildConfigurationList = FAC4870A246A19C000C7497A /* Build configuration list for PBXNativeTarget "ParstagramUITests" */;
			buildPhases = (
				A81F02C4268CFDF4732586C1 /* [CP] Check Pods Manifest.lock */,
				FAC486F7246A19C000C7497A /* Sources */,
				FAC486F8246A19C000C7497A /* Frameworks */,
				FAC486F9246A19C000C7497A /* Resources */,
				FA1F91FF7FE14EB23735CD46 /* [CP] Embed Pods Frameworks */,
			);
			buildRules = (
			);
			dependencies = (
				FAC486FD246A19C000C7497A /* PBXTargetDependency */,
			);
			name = ParstagramUITests;
			productName = ParstagramUITests;
			productReference = FAC486FB246A19C000C7497A /* ParstagramUITests.xctest */;
			productType = "com.apple.product-type.bundle.ui-testing";
		};
/* End PBXNativeTarget section */

/* Begin PBXProject section */
		FAC486D2246A19B600C7497A /* Project object */ = {
			isa = PBXProject;
			attributes = {
				LastSwiftUpdateCheck = 1140;
				LastUpgradeCheck = 1140;
				ORGANIZATIONNAME = "Gulesh Shukla";
				TargetAttributes = {
					FAC486D9246A19B600C7497A = {
						CreatedOnToolsVersion = 11.4.1;
					};
					FAC486EF246A19C000C7497A = {
						CreatedOnToolsVersion = 11.4.1;
						TestTargetID = FAC486D9246A19B600C7497A;
					};
					FAC486FA246A19C000C7497A = {
						CreatedOnToolsVersion = 11.4.1;
						TestTargetID = FAC486D9246A19B600C7497A;
					};
				};
			};
			buildConfigurationList = FAC486D5246A19B600C7497A /* Build configuration list for PBXProject "Parstagram" */;
			compatibilityVersion = "Xcode 9.3";
			developmentRegion = en;
			hasScannedForEncodings = 0;
			knownRegions = (
				en,
				Base,
			);
			mainGroup = FAC486D1246A19B600C7497A;
			productRefGroup = FAC486DB246A19B600C7497A /* Products */;
			projectDirPath = "";
			projectRoot = "";
			targets = (
				FAC486D9246A19B600C7497A /* Parstagram */,
				FAC486EF246A19C000C7497A /* ParstagramTests */,
				FAC486FA246A19C000C7497A /* ParstagramUITests */,
			);
		};
/* End PBXProject section */

/* Begin PBXResourcesBuildPhase section */
		FAC486D8246A19B600C7497A /* Resources */ = {
			isa = PBXResourcesBuildPhase;
			buildActionMask = 2147483647;
			files = (
				FAC486EA246A19C000C7497A /* LaunchScreen.storyboard in Resources */,
				FAC486E7246A19C000C7497A /* Assets.xcassets in Resources */,
				FAC486E5246A19B600C7497A /* Main.storyboard in Resources */,
			);
			runOnlyForDeploymentPostprocessing = 0;
		};
		FAC486EE246A19C000C7497A /* Resources */ = {
			isa = PBXResourcesBuildPhase;
			buildActionMask = 2147483647;
			files = (
			);
			runOnlyForDeploymentPostprocessing = 0;
		};
		FAC486F9246A19C000C7497A /* Resources */ = {
			isa = PBXResourcesBuildPhase;
			buildActionMask = 2147483647;
			files = (
			);
			runOnlyForDeploymentPostprocessing = 0;
		};
/* End PBXResourcesBuildPhase section */

/* Begin PBXShellScriptBuildPhase section */
		4A96D240B572007B256D43BC /* [CP] Check Pods Manifest.lock */ = {
			isa = PBXShellScriptBuildPhase;
			buildActionMask = 2147483647;
			files = (
			);
			inputFileListPaths = (
			);
			inputPaths = (
				"${PODS_PODFILE_DIR_PATH}/Podfile.lock",
				"${PODS_ROOT}/Manifest.lock",
			);
			name = "[CP] Check Pods Manifest.lock";
			outputFileListPaths = (
			);
			outputPaths = (
				"$(DERIVED_FILE_DIR)/Pods-ParstagramTests-checkManifestLockResult.txt",
			);
			runOnlyForDeploymentPostprocessing = 0;
			shellPath = /bin/sh;
			shellScript = "diff \"${PODS_PODFILE_DIR_PATH}/Podfile.lock\" \"${PODS_ROOT}/Manifest.lock\" > /dev/null\nif [ $? != 0 ] ; then\n    # print error to STDERR\n    echo \"error: The sandbox is not in sync with the Podfile.lock. Run 'pod install' or update your CocoaPods installation.\" >&2\n    exit 1\nfi\n# This output is used by Xcode 'outputs' to avoid re-running this script phase.\necho \"SUCCESS\" > \"${SCRIPT_OUTPUT_FILE_0}\"\n";
			showEnvVarsInLog = 0;
		};
		A81F02C4268CFDF4732586C1 /* [CP] Check Pods Manifest.lock */ = {
			isa = PBXShellScriptBuildPhase;
			buildActionMask = 2147483647;
			files = (
			);
			inputFileListPaths = (
			);
			inputPaths = (
				"${PODS_PODFILE_DIR_PATH}/Podfile.lock",
				"${PODS_ROOT}/Manifest.lock",
			);
			name = "[CP] Check Pods Manifest.lock";
			outputFileListPaths = (
			);
			outputPaths = (
				"$(DERIVED_FILE_DIR)/Pods-Parstagram-ParstagramUITests-checkManifestLockResult.txt",
			);
			runOnlyForDeploymentPostprocessing = 0;
			shellPath = /bin/sh;
			shellScript = "diff \"${PODS_PODFILE_DIR_PATH}/Podfile.lock\" \"${PODS_ROOT}/Manifest.lock\" > /dev/null\nif [ $? != 0 ] ; then\n    # print error to STDERR\n    echo \"error: The sandbox is not in sync with the Podfile.lock. Run 'pod install' or update your CocoaPods installation.\" >&2\n    exit 1\nfi\n# This output is used by Xcode 'outputs' to avoid re-running this script phase.\necho \"SUCCESS\" > \"${SCRIPT_OUTPUT_FILE_0}\"\n";
			showEnvVarsInLog = 0;
		};
		ED6FAECDC516CD8215EF6911 /* [CP] Check Pods Manifest.lock */ = {
			isa = PBXShellScriptBuildPhase;
			buildActionMask = 2147483647;
			files = (
			);
			inputFileListPaths = (
			);
			inputPaths = (
				"${PODS_PODFILE_DIR_PATH}/Podfile.lock",
				"${PODS_ROOT}/Manifest.lock",
			);
			name = "[CP] Check Pods Manifest.lock";
			outputFileListPaths = (
			);
			outputPaths = (
				"$(DERIVED_FILE_DIR)/Pods-Parstagram-checkManifestLockResult.txt",
			);
			runOnlyForDeploymentPostprocessing = 0;
			shellPath = /bin/sh;
			shellScript = "diff \"${PODS_PODFILE_DIR_PATH}/Podfile.lock\" \"${PODS_ROOT}/Manifest.lock\" > /dev/null\nif [ $? != 0 ] ; then\n    # print error to STDERR\n    echo \"error: The sandbox is not in sync with the Podfile.lock. Run 'pod install' or update your CocoaPods installation.\" >&2\n    exit 1\nfi\n# This output is used by Xcode 'outputs' to avoid re-running this script phase.\necho \"SUCCESS\" > \"${SCRIPT_OUTPUT_FILE_0}\"\n";
			showEnvVarsInLog = 0;
		};
		F46970470A19C43C972CC163 /* [CP] Embed Pods Frameworks */ = {
			isa = PBXShellScriptBuildPhase;
			buildActionMask = 2147483647;
			files = (
			);
			inputFileListPaths = (
				"${PODS_ROOT}/Target Support Files/Pods-Parstagram/Pods-Parstagram-frameworks-${CONFIGURATION}-input-files.xcfilelist",
			);
			name = "[CP] Embed Pods Frameworks";
			outputFileListPaths = (
				"${PODS_ROOT}/Target Support Files/Pods-Parstagram/Pods-Parstagram-frameworks-${CONFIGURATION}-output-files.xcfilelist",
			);
			runOnlyForDeploymentPostprocessing = 0;
			shellPath = /bin/sh;
			shellScript = "\"${PODS_ROOT}/Target Support Files/Pods-Parstagram/Pods-Parstagram-frameworks.sh\"\n";
			showEnvVarsInLog = 0;
		};
		FA1F91FF7FE14EB23735CD46 /* [CP] Embed Pods Frameworks */ = {
			isa = PBXShellScriptBuildPhase;
			buildActionMask = 2147483647;
			files = (
			);
			inputFileListPaths = (
				"${PODS_ROOT}/Target Support Files/Pods-Parstagram-ParstagramUITests/Pods-Parstagram-ParstagramUITests-frameworks-${CONFIGURATION}-input-files.xcfilelist",
			);
			name = "[CP] Embed Pods Frameworks";
			outputFileListPaths = (
				"${PODS_ROOT}/Target Support Files/Pods-Parstagram-ParstagramUITests/Pods-Parstagram-ParstagramUITests-frameworks-${CONFIGURATION}-output-files.xcfilelist",
			);
			runOnlyForDeploymentPostprocessing = 0;
			shellPath = /bin/sh;
			shellScript = "\"${PODS_ROOT}/Target Support Files/Pods-Parstagram-ParstagramUITests/Pods-Parstagram-ParstagramUITests-frameworks.sh\"\n";
			showEnvVarsInLog = 0;
		};
/* End PBXShellScriptBuildPhase section */

/* Begin PBXSourcesBuildPhase section */
		FAC486D6246A19B600C7497A /* Sources */ = {
			isa = PBXSourcesBuildPhase;
			buildActionMask = 2147483647;
			files = (
				FAC48710246B71C800C7497A /* LoginViewController.swift in Sources */,
				FAC48712246B782900C7497A /* CameraViewController.swift in Sources */,
				FAC486DE246A19B600C7497A /* AppDelegate.swift in Sources */,
				FAC4870E246B71A000C7497A /* FeedViewController.swift in Sources */,
				FAC486E0246A19B600C7497A /* SceneDelegate.swift in Sources */,
				FAC48714246B868D00C7497A /* PostCell.swift in Sources */,
			);
			runOnlyForDeploymentPostprocessing = 0;
		};
		FAC486EC246A19C000C7497A /* Sources */ = {
			isa = PBXSourcesBuildPhase;
			buildActionMask = 2147483647;
			files = (
				FAC486F5246A19C000C7497A /* ParstagramTests.swift in Sources */,
			);
			runOnlyForDeploymentPostprocessing = 0;
		};
		FAC486F7246A19C000C7497A /* Sources */ = {
			isa = PBXSourcesBuildPhase;
			buildActionMask = 2147483647;
			files = (
				FAC48700246A19C000C7497A /* ParstagramUITests.swift in Sources */,
			);
			runOnlyForDeploymentPostprocessing = 0;
		};
/* End PBXSourcesBuildPhase section */

/* Begin PBXTargetDependency section */
		FAC486F2246A19C000C7497A /* PBXTargetDependency */ = {
			isa = PBXTargetDependency;
			target = FAC486D9246A19B600C7497A /* Parstagram */;
			targetProxy = FAC486F1246A19C000C7497A /* PBXContainerItemProxy */;
		};
		FAC486FD246A19C000C7497A /* PBXTargetDependency */ = {
			isa = PBXTargetDependency;
			target = FAC486D9246A19B600C7497A /* Parstagram */;
			targetProxy = FAC486FC246A19C000C7497A /* PBXContainerItemProxy */;
		};
/* End PBXTargetDependency section */

/* Begin PBXVariantGroup section */
		FAC486E3246A19B600C7497A /* Main.storyboard */ = {
			isa = PBXVariantGroup;
			children = (
				FAC486E4246A19B600C7497A /* Base */,
			);
			name = Main.storyboard;
			sourceTree = "<group>";
		};
		FAC486E8246A19C000C7497A /* LaunchScreen.storyboard */ = {
			isa = PBXVariantGroup;
			children = (
				FAC486E9246A19C000C7497A /* Base */,
			);
			name = LaunchScreen.storyboard;
			sourceTree = "<group>";
		};
/* End PBXVariantGroup section */

/* Begin XCBuildConfiguration section */
		FAC48702246A19C000C7497A /* Debug */ = {
			isa = XCBuildConfiguration;
			buildSettings = {
				ALWAYS_SEARCH_USER_PATHS = NO;
				CLANG_ANALYZER_NONNULL = YES;
				CLANG_ANALYZER_NUMBER_OBJECT_CONVERSION = YES_AGGRESSIVE;
				CLANG_CXX_LANGUAGE_STANDARD = "gnu++14";
				CLANG_CXX_LIBRARY = "libc++";
				CLANG_ENABLE_MODULES = YES;
				CLANG_ENABLE_OBJC_ARC = YES;
				CLANG_ENABLE_OBJC_WEAK = YES;
				CLANG_WARN_BLOCK_CAPTURE_AUTORELEASING = YES;
				CLANG_WARN_BOOL_CONVERSION = YES;
				CLANG_WARN_COMMA = YES;
				CLANG_WARN_CONSTANT_CONVERSION = YES;
				CLANG_WARN_DEPRECATED_OBJC_IMPLEMENTATIONS = YES;
				CLANG_WARN_DIRECT_OBJC_ISA_USAGE = YES_ERROR;
				CLANG_WARN_DOCUMENTATION_COMMENTS = YES;
				CLANG_WARN_EMPTY_BODY = YES;
				CLANG_WARN_ENUM_CONVERSION = YES;
				CLANG_WARN_INFINITE_RECURSION = YES;
				CLANG_WARN_INT_CONVERSION = YES;
				CLANG_WARN_NON_LITERAL_NULL_CONVERSION = YES;
				CLANG_WARN_OBJC_IMPLICIT_RETAIN_SELF = YES;
				CLANG_WARN_OBJC_LITERAL_CONVERSION = YES;
				CLANG_WARN_OBJC_ROOT_CLASS = YES_ERROR;
				CLANG_WARN_RANGE_LOOP_ANALYSIS = YES;
				CLANG_WARN_STRICT_PROTOTYPES = YES;
				CLANG_WARN_SUSPICIOUS_MOVE = YES;
				CLANG_WARN_UNGUARDED_AVAILABILITY = YES_AGGRESSIVE;
				CLANG_WARN_UNREACHABLE_CODE = YES;
				CLANG_WARN__DUPLICATE_METHOD_MATCH = YES;
				COPY_PHASE_STRIP = NO;
				DEBUG_INFORMATION_FORMAT = dwarf;
				ENABLE_STRICT_OBJC_MSGSEND = YES;
				ENABLE_TESTABILITY = YES;
				GCC_C_LANGUAGE_STANDARD = gnu11;
				GCC_DYNAMIC_NO_PIC = NO;
				GCC_NO_COMMON_BLOCKS = YES;
				GCC_OPTIMIZATION_LEVEL = 0;
				GCC_PREPROCESSOR_DEFINITIONS = (
					"DEBUG=1",
					"$(inherited)",
				);
				GCC_WARN_64_TO_32_BIT_CONVERSION = YES;
				GCC_WARN_ABOUT_RETURN_TYPE = YES_ERROR;
				GCC_WARN_UNDECLARED_SELECTOR = YES;
				GCC_WARN_UNINITIALIZED_AUTOS = YES_AGGRESSIVE;
				GCC_WARN_UNUSED_FUNCTION = YES;
				GCC_WARN_UNUSED_VARIABLE = YES;
				IPHONEOS_DEPLOYMENT_TARGET = 13.4;
				MTL_ENABLE_DEBUG_INFO = INCLUDE_SOURCE;
				MTL_FAST_MATH = YES;
				ONLY_ACTIVE_ARCH = YES;
				SDKROOT = iphoneos;
				SWIFT_ACTIVE_COMPILATION_CONDITIONS = DEBUG;
				SWIFT_OPTIMIZATION_LEVEL = "-Onone";
			};
			name = Debug;
		};
		FAC48703246A19C000C7497A /* Release */ = {
			isa = XCBuildConfiguration;
			buildSettings = {
				ALWAYS_SEARCH_USER_PATHS = NO;
				CLANG_ANALYZER_NONNULL = YES;
				CLANG_ANALYZER_NUMBER_OBJECT_CONVERSION = YES_AGGRESSIVE;
				CLANG_CXX_LANGUAGE_STANDARD = "gnu++14";
				CLANG_CXX_LIBRARY = "libc++";
				CLANG_ENABLE_MODULES = YES;
				CLANG_ENABLE_OBJC_ARC = YES;
				CLANG_ENABLE_OBJC_WEAK = YES;
				CLANG_WARN_BLOCK_CAPTURE_AUTORELEASING = YES;
				CLANG_WARN_BOOL_CONVERSION = YES;
				CLANG_WARN_COMMA = YES;
				CLANG_WARN_CONSTANT_CONVERSION = YES;
				CLANG_WARN_DEPRECATED_OBJC_IMPLEMENTATIONS = YES;
				CLANG_WARN_DIRECT_OBJC_ISA_USAGE = YES_ERROR;
				CLANG_WARN_DOCUMENTATION_COMMENTS = YES;
				CLANG_WARN_EMPTY_BODY = YES;
				CLANG_WARN_ENUM_CONVERSION = YES;
				CLANG_WARN_INFINITE_RECURSION = YES;
				CLANG_WARN_INT_CONVERSION = YES;
				CLANG_WARN_NON_LITERAL_NULL_CONVERSION = YES;
				CLANG_WARN_OBJC_IMPLICIT_RETAIN_SELF = YES;
				CLANG_WARN_OBJC_LITERAL_CONVERSION = YES;
				CLANG_WARN_OBJC_ROOT_CLASS = YES_ERROR;
				CLANG_WARN_RANGE_LOOP_ANALYSIS = YES;
				CLANG_WARN_STRICT_PROTOTYPES = YES;
				CLANG_WARN_SUSPICIOUS_MOVE = YES;
				CLANG_WARN_UNGUARDED_AVAILABILITY = YES_AGGRESSIVE;
				CLANG_WARN_UNREACHABLE_CODE = YES;
				CLANG_WARN__DUPLICATE_METHOD_MATCH = YES;
				COPY_PHASE_STRIP = NO;
				DEBUG_INFORMATION_FORMAT = "dwarf-with-dsym";
				ENABLE_NS_ASSERTIONS = NO;
				ENABLE_STRICT_OBJC_MSGSEND = YES;
				GCC_C_LANGUAGE_STANDARD = gnu11;
				GCC_NO_COMMON_BLOCKS = YES;
				GCC_WARN_64_TO_32_BIT_CONVERSION = YES;
				GCC_WARN_ABOUT_RETURN_TYPE = YES_ERROR;
				GCC_WARN_UNDECLARED_SELECTOR = YES;
				GCC_WARN_UNINITIALIZED_AUTOS = YES_AGGRESSIVE;
				GCC_WARN_UNUSED_FUNCTION = YES;
				GCC_WARN_UNUSED_VARIABLE = YES;
				IPHONEOS_DEPLOYMENT_TARGET = 13.4;
				MTL_ENABLE_DEBUG_INFO = NO;
				MTL_FAST_MATH = YES;
				SDKROOT = iphoneos;
				SWIFT_COMPILATION_MODE = wholemodule;
				SWIFT_OPTIMIZATION_LEVEL = "-O";
				VALIDATE_PRODUCT = YES;
			};
			name = Release;
		};
		FAC48705246A19C000C7497A /* Debug */ = {
			isa = XCBuildConfiguration;
			baseConfigurationReference = C198D38F06457ADF0D5369D4 /* Pods-Parstagram.debug.xcconfig */;
			buildSettings = {
				ASSETCATALOG_COMPILER_APPICON_NAME = AppIcon;
				CODE_SIGN_STYLE = Automatic;
				INFOPLIST_FILE = Parstagram/Info.plist;
				LD_RUNPATH_SEARCH_PATHS = (
					"$(inherited)",
					"@executable_path/Frameworks",
				);
				PRODUCT_BUNDLE_IDENTIFIER = "Gulesh-Shukla.Parstagram";
				PRODUCT_NAME = "$(TARGET_NAME)";
				SWIFT_VERSION = 5.0;
				TARGETED_DEVICE_FAMILY = "1,2";
			};
			name = Debug;
		};
		FAC48706246A19C000C7497A /* Release */ = {
			isa = XCBuildConfiguration;
			baseConfigurationReference = 74C72BC17CDB0DDBAF1826FE /* Pods-Parstagram.release.xcconfig */;
			buildSettings = {
				ASSETCATALOG_COMPILER_APPICON_NAME = AppIcon;
				CODE_SIGN_STYLE = Automatic;
				INFOPLIST_FILE = Parstagram/Info.plist;
				LD_RUNPATH_SEARCH_PATHS = (
					"$(inherited)",
					"@executable_path/Frameworks",
				);
				PRODUCT_BUNDLE_IDENTIFIER = "Gulesh-Shukla.Parstagram";
				PRODUCT_NAME = "$(TARGET_NAME)";
				SWIFT_VERSION = 5.0;
				TARGETED_DEVICE_FAMILY = "1,2";
			};
			name = Release;
		};
		FAC48708246A19C000C7497A /* Debug */ = {
			isa = XCBuildConfiguration;
			baseConfigurationReference = 131F94C483DAB2E5D523E2A7 /* Pods-ParstagramTests.debug.xcconfig */;
			buildSettings = {
				ALWAYS_EMBED_SWIFT_STANDARD_LIBRARIES = YES;
				BUNDLE_LOADER = "$(TEST_HOST)";
				CODE_SIGN_STYLE = Automatic;
				INFOPLIST_FILE = ParstagramTests/Info.plist;
				IPHONEOS_DEPLOYMENT_TARGET = 13.4;
				LD_RUNPATH_SEARCH_PATHS = (
					"$(inherited)",
					"@executable_path/Frameworks",
					"@loader_path/Frameworks",
				);
				PRODUCT_BUNDLE_IDENTIFIER = "Gulesh-Shukla.ParstagramTests";
				PRODUCT_NAME = "$(TARGET_NAME)";
				SWIFT_VERSION = 5.0;
				TARGETED_DEVICE_FAMILY = "1,2";
				TEST_HOST = "$(BUILT_PRODUCTS_DIR)/Parstagram.app/Parstagram";
			};
			name = Debug;
		};
		FAC48709246A19C000C7497A /* Release */ = {
			isa = XCBuildConfiguration;
			baseConfigurationReference = C7188BB9DB8D34744854A594 /* Pods-ParstagramTests.release.xcconfig */;
			buildSettings = {
				ALWAYS_EMBED_SWIFT_STANDARD_LIBRARIES = YES;
				BUNDLE_LOADER = "$(TEST_HOST)";
				CODE_SIGN_STYLE = Automatic;
				INFOPLIST_FILE = ParstagramTests/Info.plist;
				IPHONEOS_DEPLOYMENT_TARGET = 13.4;
				LD_RUNPATH_SEARCH_PATHS = (
					"$(inherited)",
					"@executable_path/Frameworks",
					"@loader_path/Frameworks",
				);
				PRODUCT_BUNDLE_IDENTIFIER = "Gulesh-Shukla.ParstagramTests";
				PRODUCT_NAME = "$(TARGET_NAME)";
				SWIFT_VERSION = 5.0;
				TARGETED_DEVICE_FAMILY = "1,2";
				TEST_HOST = "$(BUILT_PRODUCTS_DIR)/Parstagram.app/Parstagram";
			};
			name = Release;
		};
		FAC4870B246A19C000C7497A /* Debug */ = {
			isa = XCBuildConfiguration;
			baseConfigurationReference = 3CDA12563B009897B5F76AB3 /* Pods-Parstagram-ParstagramUITests.debug.xcconfig */;
			buildSettings = {
				ALWAYS_EMBED_SWIFT_STANDARD_LIBRARIES = YES;
				CODE_SIGN_STYLE = Automatic;
				INFOPLIST_FILE = ParstagramUITests/Info.plist;
				LD_RUNPATH_SEARCH_PATHS = (
					"$(inherited)",
					"@executable_path/Frameworks",
					"@loader_path/Frameworks",
				);
				PRODUCT_BUNDLE_IDENTIFIER = "Gulesh-Shukla.ParstagramUITests";
				PRODUCT_NAME = "$(TARGET_NAME)";
				SWIFT_VERSION = 5.0;
				TARGETED_DEVICE_FAMILY = "1,2";
				TEST_TARGET_NAME = Parstagram;
			};
			name = Debug;
		};
		FAC4870C246A19C000C7497A /* Release */ = {
			isa = XCBuildConfiguration;
			baseConfigurationReference = FA7A2E699C26E807BC9A7823 /* Pods-Parstagram-ParstagramUITests.release.xcconfig */;
			buildSettings = {
				ALWAYS_EMBED_SWIFT_STANDARD_LIBRARIES = YES;
				CODE_SIGN_STYLE = Automatic;
				INFOPLIST_FILE = ParstagramUITests/Info.plist;
				LD_RUNPATH_SEARCH_PATHS = (
					"$(inherited)",
					"@executable_path/Frameworks",
					"@loader_path/Frameworks",
				);
				PRODUCT_BUNDLE_IDENTIFIER = "Gulesh-Shukla.ParstagramUITests";
				PRODUCT_NAME = "$(TARGET_NAME)";
				SWIFT_VERSION = 5.0;
				TARGETED_DEVICE_FAMILY = "1,2";
				TEST_TARGET_NAME = Parstagram;
			};
			name = Release;
		};
/* End XCBuildConfiguration section */

/* Begin XCConfigurationList section */
		FAC486D5246A19B600C7497A /* Build configuration list for PBXProject "Parstagram" */ = {
			isa = XCConfigurationList;
			buildConfigurations = (
				FAC48702246A19C000C7497A /* Debug */,
				FAC48703246A19C000C7497A /* Release */,
			);
			defaultConfigurationIsVisible = 0;
			defaultConfigurationName = Release;
		};
		FAC48704246A19C000C7497A /* Build configuration list for PBXNativeTarget "Parstagram" */ = {
			isa = XCConfigurationList;
			buildConfigurations = (
				FAC48705246A19C000C7497A /* Debug */,
				FAC48706246A19C000C7497A /* Release */,
			);
			defaultConfigurationIsVisible = 0;
			defaultConfigurationName = Release;
		};
		FAC48707246A19C000C7497A /* Build configuration list for PBXNativeTarget "ParstagramTests" */ = {
			isa = XCConfigurationList;
			buildConfigurations = (
				FAC48708246A19C000C7497A /* Debug */,
				FAC48709246A19C000C7497A /* Release */,
			);
			defaultConfigurationIsVisible = 0;
			defaultConfigurationName = Release;
		};
		FAC4870A246A19C000C7497A /* Build configuration list for PBXNativeTarget "ParstagramUITests" */ = {
			isa = XCConfigurationList;
			buildConfigurations = (
				FAC4870B246A19C000C7497A /* Debug */,
				FAC4870C246A19C000C7497A /* Release */,
			);
			defaultConfigurationIsVisible = 0;
			defaultConfigurationName = Release;
		};
/* End XCConfigurationList section */
	};
	rootObject = FAC486D2246A19B600C7497A /* Project object */;
}
